
Microsoft Visual Studio Solution File, Format Version 12.00
# Visual Studio Version 16
VisualStudioVersion = 16.0.29806.167
MinimumVisualStudioVersion = 10.0.40219.1
Project("{C7167F0D-BC9F-4E6E-AFE1-012C56B48DB5}") = "ApplicationProject", "ApplicationProject\ApplicationProject.wapproj", "{EEF27FC2-6E88-4B2C-B9A2-DC9E3BB867EC}"
EndProject
Project("{FAE04EC0-301F-11D3-BF4B-00C04F79EFBC}") = "WpfCoreApplication", "WpfCoreApplication\WpfCoreApplication.csproj", "{97FDEB3B-6F32-4319-BD88-5435FDE9CD92}"
EndProject
Project("{FAE04EC0-301F-11D3-BF4B-00C04F79EFBC}") = "UwpApplication", "UwpApplication\UwpApplication.csproj", "{5A69A544-E628-4D03-8323-8D08D1F5ECF8}"
EndProject
Global
	GlobalSection(SolutionConfigurationPlatforms) = preSolution
		Debug|Any CPU = Debug|Any CPU
		Debug|ARM = Debug|ARM
		Debug|ARM64 = Debug|ARM64
		Debug|x64 = Debug|x64
		Debug|x86 = Debug|x86
		Release|Any CPU = Release|Any CPU
		Release|ARM = Release|ARM
		Release|ARM64 = Release|ARM64
		Release|x64 = Release|x64
		Release|x86 = Release|x86
	EndGlobalSection
	GlobalSection(ProjectConfigurationPlatforms) = postSolution
		{EEF27FC2-6E88-4B2C-B9A2-DC9E3BB867EC}.Debug|Any CPU.ActiveCfg = Debug|Any CPU
		{EEF27FC2-6E88-4B2C-B9A2-DC9E3BB867EC}.Debug|Any CPU.Build.0 = Debug|Any CPU
		{EEF27FC2-6E88-4B2C-B9A2-DC9E3BB867EC}.Debug|Any CPU.Deploy.0 = Debug|Any CPU
		{EEF27FC2-6E88-4B2C-B9A2-DC9E3BB867EC}.Debug|ARM.ActiveCfg = Debug|ARM
		{EEF27FC2-6E88-4B2C-B9A2-DC9E3BB867EC}.Debug|ARM.Build.0 = Debug|ARM
		{EEF27FC2-6E88-4B2C-B9A2-DC9E3BB867EC}.Debug|ARM.Deploy.0 = Debug|ARM
		{EEF27FC2-6E88-4B2C-B9A2-DC9E3BB867EC}.Debug|ARM64.ActiveCfg = Debug|ARM64
		{EEF27FC2-6E88-4B2C-B9A2-DC9E3BB867EC}.Debug|ARM64.Build.0 = Debug|ARM64
		{EEF27FC2-6E88-4B2C-B9A2-DC9E3BB867EC}.Debug|ARM64.Deploy.0 = Debug|ARM64
		{EEF27FC2-6E88-4B2C-B9A2-DC9E3BB867EC}.Debug|x64.ActiveCfg = Debug|x64
		{EEF27FC2-6E88-4B2C-B9A2-DC9E3BB867EC}.Debug|x64.Build.0 = Debug|x64
		{EEF27FC2-6E88-4B2C-B9A2-DC9E3BB867EC}.Debug|x64.Deploy.0 = Debug|x64
		{EEF27FC2-6E88-4B2C-B9A2-DC9E3BB867EC}.Debug|x86.ActiveCfg = Debug|x86
		{EEF27FC2-6E88-4B2C-B9A2-DC9E3BB867EC}.Debug|x86.Build.0 = Debug|x86
		{EEF27FC2-6E88-4B2C-B9A2-DC9E3BB867EC}.Debug|x86.Deploy.0 = Debug|x86
		{EEF27FC2-6E88-4B2C-B9A2-DC9E3BB867EC}.Release|Any CPU.ActiveCfg = Release|Any CPU
		{EEF27FC2-6E88-4B2C-B9A2-DC9E3BB867EC}.Release|Any CPU.Build.0 = Release|Any CPU
		{EEF27FC2-6E88-4B2C-B9A2-DC9E3BB867EC}.Release|Any CPU.Deploy.0 = Release|Any CPU
		{EEF27FC2-6E88-4B2C-B9A2-DC9E3BB867EC}.Release|ARM.ActiveCfg = Release|ARM
		{EEF27FC2-6E88-4B2C-B9A2-DC9E3BB867EC}.Release|ARM.Build.0 = Release|ARM
		{EEF27FC2-6E88-4B2C-B9A2-DC9E3BB867EC}.Release|ARM.Deploy.0 = Release|ARM
		{EEF27FC2-6E88-4B2C-B9A2-DC9E3BB867EC}.Release|ARM64.ActiveCfg = Release|ARM64
		{EEF27FC2-6E88-4B2C-B9A2-DC9E3BB867EC}.Release|ARM64.Build.0 = Release|ARM64
		{EEF27FC2-6E88-4B2C-B9A2-DC9E3BB867EC}.Release|ARM64.Deploy.0 = Release|ARM64
		{EEF27FC2-6E88-4B2C-B9A2-DC9E3BB867EC}.Release|x64.ActiveCfg = Release|x64
		{EEF27FC2-6E88-4B2C-B9A2-DC9E3BB867EC}.Release|x64.Build.0 = Release|x64
		{EEF27FC2-6E88-4B2C-B9A2-DC9E3BB867EC}.Release|x64.Deploy.0 = Release|x64
		{EEF27FC2-6E88-4B2C-B9A2-DC9E3BB867EC}.Release|x86.ActiveCfg = Release|x86
		{EEF27FC2-6E88-4B2C-B9A2-DC9E3BB867EC}.Release|x86.Build.0 = Release|x86
		{EEF27FC2-6E88-4B2C-B9A2-DC9E3BB867EC}.Release|x86.Deploy.0 = Release|x86
		{97FDEB3B-6F32-4319-BD88-5435FDE9CD92}.Debug|Any CPU.ActiveCfg = Debug|Any CPU
		{97FDEB3B-6F32-4319-BD88-5435FDE9CD92}.Debug|Any CPU.Build.0 = Debug|Any CPU
		{97FDEB3B-6F32-4319-BD88-5435FDE9CD92}.Debug|ARM.ActiveCfg = Debug|Any CPU
		{97FDEB3B-6F32-4319-BD88-5435FDE9CD92}.Debug|ARM.Build.0 = Debug|Any CPU
		{97FDEB3B-6F32-4319-BD88-5435FDE9CD92}.Debug|ARM64.ActiveCfg = Debug|Any CPU
		{97FDEB3B-6F32-4319-BD88-5435FDE9CD92}.Debug|ARM64.Build.0 = Debug|Any CPU
		{97FDEB3B-6F32-4319-BD88-5435FDE9CD92}.Debug|x64.ActiveCfg = Debug|x64
		{97FDEB3B-6F32-4319-BD88-5435FDE9CD92}.Debug|x64.Build.0 = Debug|x64
		{97FDEB3B-6F32-4319-BD88-5435FDE9CD92}.Debug|x86.ActiveCfg = Debug|Any CPU
		{97FDEB3B-6F32-4319-BD88-5435FDE9CD92}.Debug|x86.Build.0 = Debug|Any CPU
		{97FDEB3B-6F32-4319-BD88-5435FDE9CD92}.Release|Any CPU.ActiveCfg = Release|Any CPU
		{97FDEB3B-6F32-4319-BD88-5435FDE9CD92}.Release|Any CPU.Build.0 = Release|Any CPU
		{97FDEB3B-6F32-4319-BD88-5435FDE9CD92}.Release|ARM.ActiveCfg = Release|Any CPU
		{97FDEB3B-6F32-4319-BD88-5435FDE9CD92}.Release|ARM.Build.0 = Release|Any CPU
		{97FDEB3B-6F32-4319-BD88-5435FDE9CD92}.Release|ARM64.ActiveCfg = Release|Any CPU
		{97FDEB3B-6F32-4319-BD88-5435FDE9CD92}.Release|ARM64.Build.0 = Release|Any CPU
		{97FDEB3B-6F32-4319-BD88-5435FDE9CD92}.Release|x64.ActiveCfg = Release|x64
		{97FDEB3B-6F32-4319-BD88-5435FDE9CD92}.Release|x64.Build.0 = Release|x64
		{97FDEB3B-6F32-4319-BD88-5435FDE9CD92}.Release|x86.ActiveCfg = Release|Any CPU
		{97FDEB3B-6F32-4319-BD88-5435FDE9CD92}.Release|x86.Build.0 = Release|Any CPU
		{5A69A544-E628-4D03-8323-8D08D1F5ECF8}.Debug|Any CPU.ActiveCfg = Debug|x86
		{5A69A544-E628-4D03-8323-8D08D1F5ECF8}.Debug|ARM.ActiveCfg = Debug|ARM
		{5A69A544-E628-4D03-8323-8D08D1F5ECF8}.Debug|ARM.Build.0 = Debug|ARM
		{5A69A544-E628-4D03-8323-8D08D1F5ECF8}.Debug|ARM.Deploy.0 = Debug|ARM
		{5A69A544-E628-4D03-8323-8D08D1F5ECF8}.Debug|ARM64.ActiveCfg = Debug|ARM64
		{5A69A544-E628-4D03-8323-8D08D1F5ECF8}.Debug|ARM64.Build.0 = Debug|ARM64
		{5A69A544-E628-4D03-8323-8D08D1F5ECF8}.Debug|ARM64.Deploy.0 = Debug|ARM64
		{5A69A544-E628-4D03-8323-8D08D1F5ECF8}.Debug|x64.ActiveCfg = Debug|x64
		{5A69A544-E628-4D03-8323-8D08D1F5ECF8}.Debug|x64.Build.0 = Debug|x64
		{5A69A544-E628-4D03-8323-8D08D1F5ECF8}.Debug|x64.Deploy.0 = Debug|x64
		{5A69A544-E628-4D03-8323-8D08D1F5ECF8}.Debug|x86.ActiveCfg = Debug|x86
		{5A69A544-E628-4D03-8323-8D08D1F5ECF8}.Debug|x86.Build.0 = Debug|x86
		{5A69A544-E628-4D03-8323-8D08D1F5ECF8}.Debug|x86.Deploy.0 = Debug|x86
		{5A69A544-E628-4D03-8323-8D08D1F5ECF8}.Release|Any CPU.ActiveCfg = Release|x86
		{5A69A544-E628-4D03-8323-8D08D1F5ECF8}.Release|ARM.ActiveCfg = Release|ARM
		{5A69A544-E628-4D03-8323-8D08D1F5ECF8}.Release|ARM.Build.0 = Release|ARM
		{5A69A544-E628-4D03-8323-8D08D1F5ECF8}.Release|ARM.Deploy.0 = Release|ARM
		{5A69A544-E628-4D03-8323-8D08D1F5ECF8}.Release|ARM64.ActiveCfg = Release|ARM64
		{5A69A544-E628-4D03-8323-8D08D1F5ECF8}.Release|ARM64.Build.0 = Release|ARM64
		{5A69A544-E628-4D03-8323-8D08D1F5ECF8}.Release|ARM64.Deploy.0 = Release|ARM64
		{5A69A544-E628-4D03-8323-8D08D1F5ECF8}.Release|x64.ActiveCfg = Release|x64
		{5A69A544-E628-4D03-8323-8D08D1F5ECF8}.Release|x64.Build.0 = Release|x64
		{5A69A544-E628-4D03-8323-8D08D1F5ECF8}.Release|x64.Deploy.0 = Release|x64
		{5A69A544-E628-4D03-8323-8D08D1F5ECF8}.Release|x86.ActiveCfg = Release|x86
		{5A69A544-E628-4D03-8323-8D08D1F5ECF8}.Release|x86.Build.0 = Release|x86
		{5A69A544-E628-4D03-8323-8D08D1F5ECF8}.Release|x86.Deploy.0 = Release|x86
	EndGlobalSection
	GlobalSection(SolutionProperties) = preSolution
		HideSolutionNode = FALSE
	EndGlobalSection
	GlobalSection(ExtensibilityGlobals) = postSolution
		SolutionGuid = {832D1508-AA2C-4690-A42F-CB69C481C3AB}
	EndGlobalSection
EndGlobal
